
Microsoft Visual Studio Solution File, Format Version 12.00
# Visual Studio Version 16
VisualStudioVersion = 16.0.30523.141
MinimumVisualStudioVersion = 10.0.40219.1
Project("{FAE04EC0-301F-11D3-BF4B-00C04F79EFBC}") = "ArchivePasswordTestTool", "ArchivePasswordTestTool.csproj", "{EA7F6A54-6730-4262-8497-B5DDC1830A5C}"
EndProject
Global
	GlobalSection(SolutionConfigurationPlatforms) = preSolution
		Debug|Any CPU = Debug|Any CPU
		Release|Any CPU = Release|Any CPU
	EndGlobalSection
	GlobalSection(ProjectConfigurationPlatforms) = postSolution
		{EA7F6A54-6730-4262-8497-B5DDC1830A5C}.Debug|Any CPU.ActiveCfg = Debug|Any CPU
		{EA7F6A54-6730-4262-8497-B5DDC1830A5C}.Debug|Any CPU.Build.0 = Debug|Any CPU
		{EA7F6A54-6730-4262-8497-B5DDC1830A5C}.Release|Any CPU.ActiveCfg = Release|Any CPU
		{EA7F6A54-6730-4262-8497-B5DDC1830A5C}.Release|Any CPU.Build.0 = Release|Any CPU
	EndGlobalSection
	GlobalSection(SolutionProperties) = preSolution
		HideSolutionNode = FALSE
	EndGlobalSection
	GlobalSection(ExtensibilityGlobals) = postSolution
		SolutionGuid = {3B87D911-75BF-4CDB-8F1D-F2CFB987C4B0}
	EndGlobalSection
EndGlobal
