
Microsoft Visual Studio Solution File, Format Version 12.00
# Visual Studio Version 17
VisualStudioVersion = 17.1.32421.90
MinimumVisualStudioVersion = 10.0.40219.1
Project("{FAE04EC0-301F-11D3-BF4B-00C04F79EFBC}") = "ArchivePasswordTestToolGUI", "..\ArchivePasswordTestToolGUI\ArchivePasswordTestToolGUI.csproj", "{A2469696-873D-4B0E-B2F1-37C7CB770681}"
EndProject
Project("{9A19103F-16F7-4668-BE54-9A1E7A4F7556}") = "ArchivePasswordTestTool", "ArchivePasswordTestTool\ArchivePasswordTestTool.csproj", "{DAC1C8B8-A4CA-4DF9-A8DF-61302B13DF4B}"
EndProject
Global
	GlobalSection(SolutionConfigurationPlatforms) = preSolution
		Debug|Any CPU = Debug|Any CPU
		Release|Any CPU = Release|Any CPU
	EndGlobalSection
	GlobalSection(ProjectConfigurationPlatforms) = postSolution
		{A2469696-873D-4B0E-B2F1-37C7CB770681}.Debug|Any CPU.ActiveCfg = Debug|Any CPU
		{A2469696-873D-4B0E-B2F1-37C7CB770681}.Debug|Any CPU.Build.0 = Debug|Any CPU
		{A2469696-873D-4B0E-B2F1-37C7CB770681}.Release|Any CPU.ActiveCfg = Release|Any CPU
		{A2469696-873D-4B0E-B2F1-37C7CB770681}.Release|Any CPU.Build.0 = Release|Any CPU
		{DAC1C8B8-A4CA-4DF9-A8DF-61302B13DF4B}.Debug|Any CPU.ActiveCfg = Debug|Any CPU
		{DAC1C8B8-A4CA-4DF9-A8DF-61302B13DF4B}.Debug|Any CPU.Build.0 = Debug|Any CPU
		{DAC1C8B8-A4CA-4DF9-A8DF-61302B13DF4B}.Release|Any CPU.ActiveCfg = Release|Any CPU
		{DAC1C8B8-A4CA-4DF9-A8DF-61302B13DF4B}.Release|Any CPU.Build.0 = Release|Any CPU
	EndGlobalSection
	GlobalSection(SolutionProperties) = preSolution
		HideSolutionNode = FALSE
	EndGlobalSection
	GlobalSection(ExtensibilityGlobals) = postSolution
		SolutionGuid = {3B87D911-75BF-4CDB-8F1D-F2CFB987C4B0}
	EndGlobalSection
EndGlobal
