Microsoft Visual Studio Solution File, Format Version 12.00
# Visual Studio Version 17
VisualStudioVersion = 17.5.2.0
MinimumVisualStudioVersion = 10.0.40219.1
Project("{FAE04EC0-301F-11D3-BF4B-00C04F79EFBC}") = "ArchivePasswordTestTool", "ArchivePasswordTestTool.csproj", "{DB6514DF-666C-4D4A-57FE-680A7FF223FB}"
EndProject
Global
	GlobalSection(SolutionConfigurationPlatforms) = preSolution
		Debug|Any CPU = Debug|Any CPU
		Release|Any CPU = Release|Any CPU
	EndGlobalSection
	GlobalSection(ProjectConfigurationPlatforms) = postSolution
		{DB6514DF-666C-4D4A-57FE-680A7FF223FB}.Debug|Any CPU.ActiveCfg = Debug|Any CPU
		{DB6514DF-666C-4D4A-57FE-680A7FF223FB}.Debug|Any CPU.Build.0 = Debug|Any CPU
		{DB6514DF-666C-4D4A-57FE-680A7FF223FB}.Release|Any CPU.ActiveCfg = Release|Any CPU
		{DB6514DF-666C-4D4A-57FE-680A7FF223FB}.Release|Any CPU.Build.0 = Release|Any CPU
	EndGlobalSection
	GlobalSection(SolutionProperties) = preSolution
		HideSolutionNode = FALSE
	EndGlobalSection
	GlobalSection(ExtensibilityGlobals) = postSolution
		SolutionGuid = {D5C477DC-131B-4B8B-88C0-876CD3409829}
	EndGlobalSection
EndGlobal
